
Microsoft Visual Studio Solution File, Format Version 12.00
# Visual Studio 15
VisualStudioVersion = 15.0.28307.960
MinimumVisualStudioVersion = 10.0.40219.1
Project("{FAE04EC0-301F-11D3-BF4B-00C04F79EFBC}") = "EISAI_WEBAPI", "EISAI_WEBAPI\EISAI_WEBAPI.csproj", "{410712F5-BF57-4B5C-B69F-4B1C3B111014}"
EndProject
Project("{FAE04EC0-301F-11D3-BF4B-00C04F79EFBC}") = "EISAI_BLL", "EISAI_BLL\EISAI_BLL.csproj", "{62D62B9F-7A8E-40A3-89A2-A2A318FF68AD}"
EndProject
Project("{FAE04EC0-301F-11D3-BF4B-00C04F79EFBC}") = "EISAI_DAL", "EISAI_DAL\EISAI_DAL.csproj", "{4F31A5CB-6558-447E-B0A9-D5358C931E2D}"
EndProject
Global
	GlobalSection(SolutionConfigurationPlatforms) = preSolution
		Debug|Any CPU = Debug|Any CPU
		Release|Any CPU = Release|Any CPU
	EndGlobalSection
	GlobalSection(ProjectConfigurationPlatforms) = postSolution
		{410712F5-BF57-4B5C-B69F-4B1C3B111014}.Debug|Any CPU.ActiveCfg = Debug|Any CPU
		{410712F5-BF57-4B5C-B69F-4B1C3B111014}.Debug|Any CPU.Build.0 = Debug|Any CPU
		{410712F5-BF57-4B5C-B69F-4B1C3B111014}.Release|Any CPU.ActiveCfg = Release|Any CPU
		{410712F5-BF57-4B5C-B69F-4B1C3B111014}.Release|Any CPU.Build.0 = Release|Any CPU
		{62D62B9F-7A8E-40A3-89A2-A2A318FF68AD}.Debug|Any CPU.ActiveCfg = Debug|Any CPU
		{62D62B9F-7A8E-40A3-89A2-A2A318FF68AD}.Debug|Any CPU.Build.0 = Debug|Any CPU
		{62D62B9F-7A8E-40A3-89A2-A2A318FF68AD}.Release|Any CPU.ActiveCfg = Release|Any CPU
		{62D62B9F-7A8E-40A3-89A2-A2A318FF68AD}.Release|Any CPU.Build.0 = Release|Any CPU
		{4F31A5CB-6558-447E-B0A9-D5358C931E2D}.Debug|Any CPU.ActiveCfg = Debug|Any CPU
		{4F31A5CB-6558-447E-B0A9-D5358C931E2D}.Debug|Any CPU.Build.0 = Debug|Any CPU
		{4F31A5CB-6558-447E-B0A9-D5358C931E2D}.Release|Any CPU.ActiveCfg = Release|Any CPU
		{4F31A5CB-6558-447E-B0A9-D5358C931E2D}.Release|Any CPU.Build.0 = Release|Any CPU
	EndGlobalSection
	GlobalSection(SolutionProperties) = preSolution
		HideSolutionNode = FALSE
	EndGlobalSection
	GlobalSection(ExtensibilityGlobals) = postSolution
		SolutionGuid = {A5470441-0B77-4588-B088-C54731C3CECC}
	EndGlobalSection
EndGlobal
